// !$*UTF8*$!
{
	archiveVersion = 1;
	classes = {
	};
	objectVersion = 56;
	objects = {

/* Begin PBXBuildFile section */
		1728B35D2A4DF7280094F1F8 /* LocationsView.swift in Sources */ = {isa = PBXBuildFile; fileRef = 1728B35C2A4DF7280094F1F8 /* LocationsView.swift */; };
		1728B35F2A4DF73C0094F1F8 /* WantedView.swift in Sources */ = {isa = PBXBuildFile; fileRef = 1728B35E2A4DF73C0094F1F8 /* WantedView.swift */; };
		1728B3612A4DF74E0094F1F8 /* RecordsView.swift in Sources */ = {isa = PBXBuildFile; fileRef = 1728B3602A4DF74E0094F1F8 /* RecordsView.swift */; };
		1728B3642A4DFA510094F1F8 /* WantedViewModel.swift in Sources */ = {isa = PBXBuildFile; fileRef = 1728B3632A4DFA510094F1F8 /* WantedViewModel.swift */; };
		1728B36B2A4DFD680094F1F8 /* Character.swift in Sources */ = {isa = PBXBuildFile; fileRef = 1728B36A2A4DFD680094F1F8 /* Character.swift */; };
		1728B36D2A4DFD910094F1F8 /* CharacterGender.swift in Sources */ = {isa = PBXBuildFile; fileRef = 1728B36C2A4DFD910094F1F8 /* CharacterGender.swift */; };
		1728B36F2A4DFDBF0094F1F8 /* CharacterStatus.swift in Sources */ = {isa = PBXBuildFile; fileRef = 1728B36E2A4DFDBF0094F1F8 /* CharacterStatus.swift */; };
		1728B3712A4DFDFF0094F1F8 /* Episode.swift in Sources */ = {isa = PBXBuildFile; fileRef = 1728B3702A4DFDFF0094F1F8 /* Episode.swift */; };
		1728B3732A4DFE290094F1F8 /* Location.swift in Sources */ = {isa = PBXBuildFile; fileRef = 1728B3722A4DFE290094F1F8 /* Location.swift */; };
		1728B3752A4DFE430094F1F8 /* CharacterLocation.swift in Sources */ = {isa = PBXBuildFile; fileRef = 1728B3742A4DFE430094F1F8 /* CharacterLocation.swift */; };
		1728B37A2A4E00AC0094F1F8 /* Api.swift in Sources */ = {isa = PBXBuildFile; fileRef = 1728B3792A4E00AC0094F1F8 /* Api.swift */; };
		1728B37C2A4E036E0094F1F8 /* Endpoints.swift in Sources */ = {isa = PBXBuildFile; fileRef = 1728B37B2A4E036E0094F1F8 /* Endpoints.swift */; };
		1728B37E2A4E05C70094F1F8 /* CharacterList.swift in Sources */ = {isa = PBXBuildFile; fileRef = 1728B37D2A4E05C70094F1F8 /* CharacterList.swift */; };
		177658EE2A4A149F0072C367 /* RickAndMortyWantedApp.swift in Sources */ = {isa = PBXBuildFile; fileRef = 177658ED2A4A149F0072C367 /* RickAndMortyWantedApp.swift */; };
		177658F02A4A149F0072C367 /* ContentView.swift in Sources */ = {isa = PBXBuildFile; fileRef = 177658EF2A4A149F0072C367 /* ContentView.swift */; };
		177658F22A4A14AF0072C367 /* Assets.xcassets in Resources */ = {isa = PBXBuildFile; fileRef = 177658F12A4A14AF0072C367 /* Assets.xcassets */; };
		177658F52A4A14AF0072C367 /* Preview Assets.xcassets in Resources */ = {isa = PBXBuildFile; fileRef = 177658F42A4A14AF0072C367 /* Preview Assets.xcassets */; };
		177658FF2A4A14B00072C367 /* RickAndMortyWantedTests.swift in Sources */ = {isa = PBXBuildFile; fileRef = 177658FE2A4A14B00072C367 /* RickAndMortyWantedTests.swift */; };
		177659092A4A14B00072C367 /* RickAndMortyWantedUITests.swift in Sources */ = {isa = PBXBuildFile; fileRef = 177659082A4A14B00072C367 /* RickAndMortyWantedUITests.swift */; };
		1776590B2A4A14B00072C367 /* RickAndMortyWantedUITestsLaunchTests.swift in Sources */ = {isa = PBXBuildFile; fileRef = 1776590A2A4A14B00072C367 /* RickAndMortyWantedUITestsLaunchTests.swift */; };
/* End PBXBuildFile section */

/* Begin PBXContainerItemProxy section */
		177658FB2A4A14B00072C367 /* PBXContainerItemProxy */ = {
			isa = PBXContainerItemProxy;
			containerPortal = 177658E22A4A149E0072C367 /* Project object */;
			proxyType = 1;
			remoteGlobalIDString = 177658E92A4A149E0072C367;
			remoteInfo = RickAndMortyWanted;
		};
		177659052A4A14B00072C367 /* PBXContainerItemProxy */ = {
			isa = PBXContainerItemProxy;
			containerPortal = 177658E22A4A149E0072C367 /* Project object */;
			proxyType = 1;
			remoteGlobalIDString = 177658E92A4A149E0072C367;
			remoteInfo = RickAndMortyWanted;
		};
/* End PBXContainerItemProxy section */

/* Begin PBXFileReference section */
		1728B35C2A4DF7280094F1F8 /* LocationsView.swift */ = {isa = PBXFileReference; lastKnownFileType = sourcecode.swift; path = LocationsView.swift; sourceTree = "<group>"; };
		1728B35E2A4DF73C0094F1F8 /* WantedView.swift */ = {isa = PBXFileReference; lastKnownFileType = sourcecode.swift; path = WantedView.swift; sourceTree = "<group>"; };
		1728B3602A4DF74E0094F1F8 /* RecordsView.swift */ = {isa = PBXFileReference; lastKnownFileType = sourcecode.swift; path = RecordsView.swift; sourceTree = "<group>"; };
		1728B3632A4DFA510094F1F8 /* WantedViewModel.swift */ = {isa = PBXFileReference; lastKnownFileType = sourcecode.swift; path = WantedViewModel.swift; sourceTree = "<group>"; };
		1728B36A2A4DFD680094F1F8 /* Character.swift */ = {isa = PBXFileReference; lastKnownFileType = sourcecode.swift; path = Character.swift; sourceTree = "<group>"; };
		1728B36C2A4DFD910094F1F8 /* CharacterGender.swift */ = {isa = PBXFileReference; lastKnownFileType = sourcecode.swift; path = CharacterGender.swift; sourceTree = "<group>"; };
		1728B36E2A4DFDBF0094F1F8 /* CharacterStatus.swift */ = {isa = PBXFileReference; lastKnownFileType = sourcecode.swift; path = CharacterStatus.swift; sourceTree = "<group>"; };
		1728B3702A4DFDFF0094F1F8 /* Episode.swift */ = {isa = PBXFileReference; lastKnownFileType = sourcecode.swift; path = Episode.swift; sourceTree = "<group>"; };
		1728B3722A4DFE290094F1F8 /* Location.swift */ = {isa = PBXFileReference; lastKnownFileType = sourcecode.swift; path = Location.swift; sourceTree = "<group>"; };
		1728B3742A4DFE430094F1F8 /* CharacterLocation.swift */ = {isa = PBXFileReference; lastKnownFileType = sourcecode.swift; path = CharacterLocation.swift; sourceTree = "<group>"; };
		1728B3792A4E00AC0094F1F8 /* Api.swift */ = {isa = PBXFileReference; lastKnownFileType = sourcecode.swift; path = Api.swift; sourceTree = "<group>"; };
		1728B37B2A4E036E0094F1F8 /* Endpoints.swift */ = {isa = PBXFileReference; lastKnownFileType = sourcecode.swift; path = Endpoints.swift; sourceTree = "<group>"; };
		1728B37D2A4E05C70094F1F8 /* CharacterList.swift */ = {isa = PBXFileReference; lastKnownFileType = sourcecode.swift; path = CharacterList.swift; sourceTree = "<group>"; };
		177658EA2A4A149E0072C367 /* RickAndMortyWanted.app */ = {isa = PBXFileReference; explicitFileType = wrapper.application; includeInIndex = 0; path = RickAndMortyWanted.app; sourceTree = BUILT_PRODUCTS_DIR; };
		177658ED2A4A149F0072C367 /* RickAndMortyWantedApp.swift */ = {isa = PBXFileReference; lastKnownFileType = sourcecode.swift; path = RickAndMortyWantedApp.swift; sourceTree = "<group>"; };
		177658EF2A4A149F0072C367 /* ContentView.swift */ = {isa = PBXFileReference; lastKnownFileType = sourcecode.swift; path = ContentView.swift; sourceTree = "<group>"; };
		177658F12A4A14AF0072C367 /* Assets.xcassets */ = {isa = PBXFileReference; lastKnownFileType = folder.assetcatalog; path = Assets.xcassets; sourceTree = "<group>"; };
		177658F42A4A14AF0072C367 /* Preview Assets.xcassets */ = {isa = PBXFileReference; lastKnownFileType = folder.assetcatalog; path = "Preview Assets.xcassets"; sourceTree = "<group>"; };
		177658FA2A4A14B00072C367 /* RickAndMortyWantedTests.xctest */ = {isa = PBXFileReference; explicitFileType = wrapper.cfbundle; includeInIndex = 0; path = RickAndMortyWantedTests.xctest; sourceTree = BUILT_PRODUCTS_DIR; };
		177658FE2A4A14B00072C367 /* RickAndMortyWantedTests.swift */ = {isa = PBXFileReference; lastKnownFileType = sourcecode.swift; path = RickAndMortyWantedTests.swift; sourceTree = "<group>"; };
		177659042A4A14B00072C367 /* RickAndMortyWantedUITests.xctest */ = {isa = PBXFileReference; explicitFileType = wrapper.cfbundle; includeInIndex = 0; path = RickAndMortyWantedUITests.xctest; sourceTree = BUILT_PRODUCTS_DIR; };
		177659082A4A14B00072C367 /* RickAndMortyWantedUITests.swift */ = {isa = PBXFileReference; lastKnownFileType = sourcecode.swift; path = RickAndMortyWantedUITests.swift; sourceTree = "<group>"; };
		1776590A2A4A14B00072C367 /* RickAndMortyWantedUITestsLaunchTests.swift */ = {isa = PBXFileReference; lastKnownFileType = sourcecode.swift; path = RickAndMortyWantedUITestsLaunchTests.swift; sourceTree = "<group>"; };
/* End PBXFileReference section */

/* Begin PBXFrameworksBuildPhase section */
		177658E72A4A149E0072C367 /* Frameworks */ = {
			isa = PBXFrameworksBuildPhase;
			buildActionMask = 2147483647;
			files = (
			);
			runOnlyForDeploymentPostprocessing = 0;
		};
		177658F72A4A14B00072C367 /* Frameworks */ = {
			isa = PBXFrameworksBuildPhase;
			buildActionMask = 2147483647;
			files = (
			);
			runOnlyForDeploymentPostprocessing = 0;
		};
		177659012A4A14B00072C367 /* Frameworks */ = {
			isa = PBXFrameworksBuildPhase;
			buildActionMask = 2147483647;
			files = (
			);
			runOnlyForDeploymentPostprocessing = 0;
		};
/* End PBXFrameworksBuildPhase section */

/* Begin PBXGroup section */
		1728B35B2A4DF70B0094F1F8 /* Views */ = {
			isa = PBXGroup;
			children = (
				1728B35C2A4DF7280094F1F8 /* LocationsView.swift */,
				1728B3602A4DF74E0094F1F8 /* RecordsView.swift */,
				1728B35E2A4DF73C0094F1F8 /* WantedView.swift */,
			);
			path = Views;
			sourceTree = "<group>";
		};
		1728B3622A4DFA380094F1F8 /* ViewModels */ = {
			isa = PBXGroup;
			children = (
				1728B3632A4DFA510094F1F8 /* WantedViewModel.swift */,
			);
			path = ViewModels;
			sourceTree = "<group>";
		};
		1728B3652A4DFC830094F1F8 /* Services */ = {
			isa = PBXGroup;
			children = (
				1728B3792A4E00AC0094F1F8 /* Api.swift */,
				1728B37B2A4E036E0094F1F8 /* Endpoints.swift */,
			);
			path = Services;
			sourceTree = "<group>";
		};
		1728B3692A4DFD4E0094F1F8 /* Models */ = {
			isa = PBXGroup;
			children = (
				1728B36A2A4DFD680094F1F8 /* Character.swift */,
				1728B37D2A4E05C70094F1F8 /* CharacterList.swift */,
				1728B36E2A4DFDBF0094F1F8 /* CharacterStatus.swift */,
				1728B3702A4DFDFF0094F1F8 /* Episode.swift */,
				1728B3742A4DFE430094F1F8 /* CharacterLocation.swift */,
				1728B3722A4DFE290094F1F8 /* Location.swift */,
				1728B36C2A4DFD910094F1F8 /* CharacterGender.swift */,
			);
			path = Models;
			sourceTree = "<group>";
		};
		177658E12A4A149E0072C367 = {
			isa = PBXGroup;
			children = (
				177658EC2A4A149E0072C367 /* RickAndMortyWanted */,
				177658FD2A4A14B00072C367 /* RickAndMortyWantedTests */,
				177659072A4A14B00072C367 /* RickAndMortyWantedUITests */,
				177658EB2A4A149E0072C367 /* Products */,
			);
			sourceTree = "<group>";
		};
		177658EB2A4A149E0072C367 /* Products */ = {
			isa = PBXGroup;
			children = (
				177658EA2A4A149E0072C367 /* RickAndMortyWanted.app */,
				177658FA2A4A14B00072C367 /* RickAndMortyWantedTests.xctest */,
				177659042A4A14B00072C367 /* RickAndMortyWantedUITests.xctest */,
			);
			name = Products;
			sourceTree = "<group>";
		};
		177658EC2A4A149E0072C367 /* RickAndMortyWanted */ = {
			isa = PBXGroup;
			children = (
				177658ED2A4A149F0072C367 /* RickAndMortyWantedApp.swift */,
				177658EF2A4A149F0072C367 /* ContentView.swift */,
				1728B3692A4DFD4E0094F1F8 /* Models */,
				1728B3652A4DFC830094F1F8 /* Services */,
				1728B3622A4DFA380094F1F8 /* ViewModels */,
				1728B35B2A4DF70B0094F1F8 /* Views */,
				177658F12A4A14AF0072C367 /* Assets.xcassets */,
				177658F32A4A14AF0072C367 /* Preview Content */,
			);
			path = RickAndMortyWanted;
			sourceTree = "<group>";
		};
		177658F32A4A14AF0072C367 /* Preview Content */ = {
			isa = PBXGroup;
			children = (
				177658F42A4A14AF0072C367 /* Preview Assets.xcassets */,
			);
			path = "Preview Content";
			sourceTree = "<group>";
		};
		177658FD2A4A14B00072C367 /* RickAndMortyWantedTests */ = {
			isa = PBXGroup;
			children = (
				177658FE2A4A14B00072C367 /* RickAndMortyWantedTests.swift */,
			);
			path = RickAndMortyWantedTests;
			sourceTree = "<group>";
		};
		177659072A4A14B00072C367 /* RickAndMortyWantedUITests */ = {
			isa = PBXGroup;
			children = (
				177659082A4A14B00072C367 /* RickAndMortyWantedUITests.swift */,
				1776590A2A4A14B00072C367 /* RickAndMortyWantedUITestsLaunchTests.swift */,
			);
			path = RickAndMortyWantedUITests;
			sourceTree = "<group>";
		};
/* End PBXGroup section */

/* Begin PBXNativeTarget section */
		177658E92A4A149E0072C367 /* RickAndMortyWanted */ = {
			isa = PBXNativeTarget;
			buildConfigurationList = 1776590E2A4A14B00072C367 /* Build configuration list for PBXNativeTarget "RickAndMortyWanted" */;
			buildPhases = (
				177658E62A4A149E0072C367 /* Sources */,
				177658E72A4A149E0072C367 /* Frameworks */,
				177658E82A4A149E0072C367 /* Resources */,
			);
			buildRules = (
			);
			dependencies = (
			);
			name = RickAndMortyWanted;
			productName = RickAndMortyWanted;
			productReference = 177658EA2A4A149E0072C367 /* RickAndMortyWanted.app */;
			productType = "com.apple.product-type.application";
		};
		177658F92A4A14B00072C367 /* RickAndMortyWantedTests */ = {
			isa = PBXNativeTarget;
			buildConfigurationList = 177659112A4A14B00072C367 /* Build configuration list for PBXNativeTarget "RickAndMortyWantedTests" */;
			buildPhases = (
				177658F62A4A14B00072C367 /* Sources */,
				177658F72A4A14B00072C367 /* Frameworks */,
				177658F82A4A14B00072C367 /* Resources */,
			);
			buildRules = (
			);
			dependencies = (
				177658FC2A4A14B00072C367 /* PBXTargetDependency */,
			);
			name = RickAndMortyWantedTests;
			productName = RickAndMortyWantedTests;
			productReference = 177658FA2A4A14B00072C367 /* RickAndMortyWantedTests.xctest */;
			productType = "com.apple.product-type.bundle.unit-test";
		};
		177659032A4A14B00072C367 /* RickAndMortyWantedUITests */ = {
			isa = PBXNativeTarget;
			buildConfigurationList = 177659142A4A14B00072C367 /* Build configuration list for PBXNativeTarget "RickAndMortyWantedUITests" */;
			buildPhases = (
				177659002A4A14B00072C367 /* Sources */,
				177659012A4A14B00072C367 /* Frameworks */,
				177659022A4A14B00072C367 /* Resources */,
			);
			buildRules = (
			);
			dependencies = (
				177659062A4A14B00072C367 /* PBXTargetDependency */,
			);
			name = RickAndMortyWantedUITests;
			productName = RickAndMortyWantedUITests;
			productReference = 177659042A4A14B00072C367 /* RickAndMortyWantedUITests.xctest */;
			productType = "com.apple.product-type.bundle.ui-testing";
		};
/* End PBXNativeTarget section */

/* Begin PBXProject section */
		177658E22A4A149E0072C367 /* Project object */ = {
			isa = PBXProject;
			attributes = {
				BuildIndependentTargetsInParallel = 1;
				LastSwiftUpdateCheck = 1420;
				LastUpgradeCheck = 1420;
				TargetAttributes = {
					177658E92A4A149E0072C367 = {
						CreatedOnToolsVersion = 14.2;
					};
					177658F92A4A14B00072C367 = {
						CreatedOnToolsVersion = 14.2;
						TestTargetID = 177658E92A4A149E0072C367;
					};
					177659032A4A14B00072C367 = {
						CreatedOnToolsVersion = 14.2;
						TestTargetID = 177658E92A4A149E0072C367;
					};
				};
			};
			buildConfigurationList = 177658E52A4A149E0072C367 /* Build configuration list for PBXProject "RickAndMortyWanted" */;
			compatibilityVersion = "Xcode 14.0";
			developmentRegion = en;
			hasScannedForEncodings = 0;
			knownRegions = (
				en,
				Base,
			);
			mainGroup = 177658E12A4A149E0072C367;
			productRefGroup = 177658EB2A4A149E0072C367 /* Products */;
			projectDirPath = "";
			projectRoot = "";
			targets = (
				177658E92A4A149E0072C367 /* RickAndMortyWanted */,
				177658F92A4A14B00072C367 /* RickAndMortyWantedTests */,
				177659032A4A14B00072C367 /* RickAndMortyWantedUITests */,
			);
		};
/* End PBXProject section */

/* Begin PBXResourcesBuildPhase section */
		177658E82A4A149E0072C367 /* Resources */ = {
			isa = PBXResourcesBuildPhase;
			buildActionMask = 2147483647;
			files = (
				177658F52A4A14AF0072C367 /* Preview Assets.xcassets in Resources */,
				177658F22A4A14AF0072C367 /* Assets.xcassets in Resources */,
			);
			runOnlyForDeploymentPostprocessing = 0;
		};
		177658F82A4A14B00072C367 /* Resources */ = {
			isa = PBXResourcesBuildPhase;
			buildActionMask = 2147483647;
			files = (
			);
			runOnlyForDeploymentPostprocessing = 0;
		};
		177659022A4A14B00072C367 /* Resources */ = {
			isa = PBXResourcesBuildPhase;
			buildActionMask = 2147483647;
			files = (
			);
			runOnlyForDeploymentPostprocessing = 0;
		};
/* End PBXResourcesBuildPhase section */

/* Begin PBXSourcesBuildPhase section */
		177658E62A4A149E0072C367 /* Sources */ = {
			isa = PBXSourcesBuildPhase;
			buildActionMask = 2147483647;
			files = (
				1728B35D2A4DF7280094F1F8 /* LocationsView.swift in Sources */,
				1728B3642A4DFA510094F1F8 /* WantedViewModel.swift in Sources */,
				1728B35F2A4DF73C0094F1F8 /* WantedView.swift in Sources */,
				1728B3612A4DF74E0094F1F8 /* RecordsView.swift in Sources */,
				177658F02A4A149F0072C367 /* ContentView.swift in Sources */,
				1728B3712A4DFDFF0094F1F8 /* Episode.swift in Sources */,
				1728B3752A4DFE430094F1F8 /* CharacterLocation.swift in Sources */,
				1728B37A2A4E00AC0094F1F8 /* Api.swift in Sources */,
				177658EE2A4A149F0072C367 /* RickAndMortyWantedApp.swift in Sources */,
				1728B36F2A4DFDBF0094F1F8 /* CharacterStatus.swift in Sources */,
				1728B37C2A4E036E0094F1F8 /* Endpoints.swift in Sources */,
				1728B36D2A4DFD910094F1F8 /* CharacterGender.swift in Sources */,
				1728B37E2A4E05C70094F1F8 /* CharacterList.swift in Sources */,
				1728B3732A4DFE290094F1F8 /* Location.swift in Sources */,
				1728B36B2A4DFD680094F1F8 /* Character.swift in Sources */,
			);
			runOnlyForDeploymentPostprocessing = 0;
		};
		177658F62A4A14B00072C367 /* Sources */ = {
			isa = PBXSourcesBuildPhase;
			buildActionMask = 2147483647;
			files = (
				177658FF2A4A14B00072C367 /* RickAndMortyWantedTests.swift in Sources */,
			);
			runOnlyForDeploymentPostprocessing = 0;
		};
		177659002A4A14B00072C367 /* Sources */ = {
			isa = PBXSourcesBuildPhase;
			buildActionMask = 2147483647;
			files = (
				1776590B2A4A14B00072C367 /* RickAndMortyWantedUITestsLaunchTests.swift in Sources */,
				177659092A4A14B00072C367 /* RickAndMortyWantedUITests.swift in Sources */,
			);
			runOnlyForDeploymentPostprocessing = 0;
		};
/* End PBXSourcesBuildPhase section */

/* Begin PBXTargetDependency section */
		177658FC2A4A14B00072C367 /* PBXTargetDependency */ = {
			isa = PBXTargetDependency;
			target = 177658E92A4A149E0072C367 /* RickAndMortyWanted */;
			targetProxy = 177658FB2A4A14B00072C367 /* PBXContainerItemProxy */;
		};
		177659062A4A14B00072C367 /* PBXTargetDependency */ = {
			isa = PBXTargetDependency;
			target = 177658E92A4A149E0072C367 /* RickAndMortyWanted */;
			targetProxy = 177659052A4A14B00072C367 /* PBXContainerItemProxy */;
		};
/* End PBXTargetDependency section */

/* Begin XCBuildConfiguration section */
		1776590C2A4A14B00072C367 /* Debug */ = {
			isa = XCBuildConfiguration;
			buildSettings = {
				ALWAYS_SEARCH_USER_PATHS = NO;
				CLANG_ANALYZER_NONNULL = YES;
				CLANG_ANALYZER_NUMBER_OBJECT_CONVERSION = YES_AGGRESSIVE;
				CLANG_CXX_LANGUAGE_STANDARD = "gnu++20";
				CLANG_ENABLE_MODULES = YES;
				CLANG_ENABLE_OBJC_ARC = YES;
				CLANG_ENABLE_OBJC_WEAK = YES;
				CLANG_WARN_BLOCK_CAPTURE_AUTORELEASING = YES;
				CLANG_WARN_BOOL_CONVERSION = YES;
				CLANG_WARN_COMMA = YES;
				CLANG_WARN_CONSTANT_CONVERSION = YES;
				CLANG_WARN_DEPRECATED_OBJC_IMPLEMENTATIONS = YES;
				CLANG_WARN_DIRECT_OBJC_ISA_USAGE = YES_ERROR;
				CLANG_WARN_DOCUMENTATION_COMMENTS = YES;
				CLANG_WARN_EMPTY_BODY = YES;
				CLANG_WARN_ENUM_CONVERSION = YES;
				CLANG_WARN_INFINITE_RECURSION = YES;
				CLANG_WARN_INT_CONVERSION = YES;
				CLANG_WARN_NON_LITERAL_NULL_CONVERSION = YES;
				CLANG_WARN_OBJC_IMPLICIT_RETAIN_SELF = YES;
				CLANG_WARN_OBJC_LITERAL_CONVERSION = YES;
				CLANG_WARN_OBJC_ROOT_CLASS = YES_ERROR;
				CLANG_WARN_QUOTED_INCLUDE_IN_FRAMEWORK_HEADER = YES;
				CLANG_WARN_RANGE_LOOP_ANALYSIS = YES;
				CLANG_WARN_STRICT_PROTOTYPES = YES;
				CLANG_WARN_SUSPICIOUS_MOVE = YES;
				CLANG_WARN_UNGUARDED_AVAILABILITY = YES_AGGRESSIVE;
				CLANG_WARN_UNREACHABLE_CODE = YES;
				CLANG_WARN__DUPLICATE_METHOD_MATCH = YES;
				COPY_PHASE_STRIP = NO;
				DEBUG_INFORMATION_FORMAT = dwarf;
				ENABLE_STRICT_OBJC_MSGSEND = YES;
				ENABLE_TESTABILITY = YES;
				GCC_C_LANGUAGE_STANDARD = gnu11;
				GCC_DYNAMIC_NO_PIC = NO;
				GCC_NO_COMMON_BLOCKS = YES;
				GCC_OPTIMIZATION_LEVEL = 0;
				GCC_PREPROCESSOR_DEFINITIONS = (
					"DEBUG=1",
					"$(inherited)",
				);
				GCC_WARN_64_TO_32_BIT_CONVERSION = YES;
				GCC_WARN_ABOUT_RETURN_TYPE = YES_ERROR;
				GCC_WARN_UNDECLARED_SELECTOR = YES;
				GCC_WARN_UNINITIALIZED_AUTOS = YES_AGGRESSIVE;
				GCC_WARN_UNUSED_FUNCTION = YES;
				GCC_WARN_UNUSED_VARIABLE = YES;
				IPHONEOS_DEPLOYMENT_TARGET = 16.2;
				MTL_ENABLE_DEBUG_INFO = INCLUDE_SOURCE;
				MTL_FAST_MATH = YES;
				ONLY_ACTIVE_ARCH = YES;
				SDKROOT = iphoneos;
				SWIFT_ACTIVE_COMPILATION_CONDITIONS = DEBUG;
				SWIFT_OPTIMIZATION_LEVEL = "-Onone";
			};
			name = Debug;
		};
		1776590D2A4A14B00072C367 /* Release */ = {
			isa = XCBuildConfiguration;
			buildSettings = {
				ALWAYS_SEARCH_USER_PATHS = NO;
				CLANG_ANALYZER_NONNULL = YES;
				CLANG_ANALYZER_NUMBER_OBJECT_CONVERSION = YES_AGGRESSIVE;
				CLANG_CXX_LANGUAGE_STANDARD = "gnu++20";
				CLANG_ENABLE_MODULES = YES;
				CLANG_ENABLE_OBJC_ARC = YES;
				CLANG_ENABLE_OBJC_WEAK = YES;
				CLANG_WARN_BLOCK_CAPTURE_AUTORELEASING = YES;
				CLANG_WARN_BOOL_CONVERSION = YES;
				CLANG_WARN_COMMA = YES;
				CLANG_WARN_CONSTANT_CONVERSION = YES;
				CLANG_WARN_DEPRECATED_OBJC_IMPLEMENTATIONS = YES;
				CLANG_WARN_DIRECT_OBJC_ISA_USAGE = YES_ERROR;
				CLANG_WARN_DOCUMENTATION_COMMENTS = YES;
				CLANG_WARN_EMPTY_BODY = YES;
				CLANG_WARN_ENUM_CONVERSION = YES;
				CLANG_WARN_INFINITE_RECURSION = YES;
				CLANG_WARN_INT_CONVERSION = YES;
				CLANG_WARN_NON_LITERAL_NULL_CONVERSION = YES;
				CLANG_WARN_OBJC_IMPLICIT_RETAIN_SELF = YES;
				CLANG_WARN_OBJC_LITERAL_CONVERSION = YES;
				CLANG_WARN_OBJC_ROOT_CLASS = YES_ERROR;
				CLANG_WARN_QUOTED_INCLUDE_IN_FRAMEWORK_HEADER = YES;
				CLANG_WARN_RANGE_LOOP_ANALYSIS = YES;
				CLANG_WARN_STRICT_PROTOTYPES = YES;
				CLANG_WARN_SUSPICIOUS_MOVE = YES;
				CLANG_WARN_UNGUARDED_AVAILABILITY = YES_AGGRESSIVE;
				CLANG_WARN_UNREACHABLE_CODE = YES;
				CLANG_WARN__DUPLICATE_METHOD_MATCH = YES;
				COPY_PHASE_STRIP = NO;
				DEBUG_INFORMATION_FORMAT = "dwarf-with-dsym";
				ENABLE_NS_ASSERTIONS = NO;
				ENABLE_STRICT_OBJC_MSGSEND = YES;
				GCC_C_LANGUAGE_STANDARD = gnu11;
				GCC_NO_COMMON_BLOCKS = YES;
				GCC_WARN_64_TO_32_BIT_CONVERSION = YES;
				GCC_WARN_ABOUT_RETURN_TYPE = YES_ERROR;
				GCC_WARN_UNDECLARED_SELECTOR = YES;
				GCC_WARN_UNINITIALIZED_AUTOS = YES_AGGRESSIVE;
				GCC_WARN_UNUSED_FUNCTION = YES;
				GCC_WARN_UNUSED_VARIABLE = YES;
				IPHONEOS_DEPLOYMENT_TARGET = 16.2;
				MTL_ENABLE_DEBUG_INFO = NO;
				MTL_FAST_MATH = YES;
				SDKROOT = iphoneos;
				SWIFT_COMPILATION_MODE = wholemodule;
				SWIFT_OPTIMIZATION_LEVEL = "-O";
				VALIDATE_PRODUCT = YES;
			};
			name = Release;
		};
		1776590F2A4A14B00072C367 /* Debug */ = {
			isa = XCBuildConfiguration;
			buildSettings = {
				ASSETCATALOG_COMPILER_APPICON_NAME = AppIcon;
				ASSETCATALOG_COMPILER_GLOBAL_ACCENT_COLOR_NAME = AccentColor;
				CODE_SIGN_STYLE = Automatic;
				CURRENT_PROJECT_VERSION = 1;
				DEVELOPMENT_ASSET_PATHS = "\"RickAndMortyWanted/Preview Content\"";
				ENABLE_PREVIEWS = YES;
				GENERATE_INFOPLIST_FILE = YES;
				INFOPLIST_KEY_UIApplicationSceneManifest_Generation = YES;
				INFOPLIST_KEY_UIApplicationSupportsIndirectInputEvents = YES;
				INFOPLIST_KEY_UILaunchScreen_Generation = YES;
				INFOPLIST_KEY_UISupportedInterfaceOrientations_iPad = "UIInterfaceOrientationPortrait UIInterfaceOrientationPortraitUpsideDown UIInterfaceOrientationLandscapeLeft UIInterfaceOrientationLandscapeRight";
				INFOPLIST_KEY_UISupportedInterfaceOrientations_iPhone = "UIInterfaceOrientationPortrait UIInterfaceOrientationLandscapeLeft UIInterfaceOrientationLandscapeRight";
				LD_RUNPATH_SEARCH_PATHS = (
					"$(inherited)",
					"@executable_path/Frameworks",
				);
				MARKETING_VERSION = 1.0;
				PRODUCT_BUNDLE_IDENTIFIER = com.iago.RickAndMortyWanted;
				PRODUCT_NAME = "$(TARGET_NAME)";
				SWIFT_EMIT_LOC_STRINGS = YES;
				SWIFT_VERSION = 5.0;
				TARGETED_DEVICE_FAMILY = "1,2";
			};
			name = Debug;
		};
		177659102A4A14B00072C367 /* Release */ = {
			isa = XCBuildConfiguration;
			buildSettings = {
				ASSETCATALOG_COMPILER_APPICON_NAME = AppIcon;
				ASSETCATALOG_COMPILER_GLOBAL_ACCENT_COLOR_NAME = AccentColor;
				CODE_SIGN_STYLE = Automatic;
				CURRENT_PROJECT_VERSION = 1;
				DEVELOPMENT_ASSET_PATHS = "\"RickAndMortyWanted/Preview Content\"";
				ENABLE_PREVIEWS = YES;
				GENERATE_INFOPLIST_FILE = YES;
				INFOPLIST_KEY_UIApplicationSceneManifest_Generation = YES;
				INFOPLIST_KEY_UIApplicationSupportsIndirectInputEvents = YES;
				INFOPLIST_KEY_UILaunchScreen_Generation = YES;
				INFOPLIST_KEY_UISupportedInterfaceOrientations_iPad = "UIInterfaceOrientationPortrait UIInterfaceOrientationPortraitUpsideDown UIInterfaceOrientationLandscapeLeft UIInterfaceOrientationLandscapeRight";
				INFOPLIST_KEY_UISupportedInterfaceOrientations_iPhone = "UIInterfaceOrientationPortrait UIInterfaceOrientationLandscapeLeft UIInterfaceOrientationLandscapeRight";
				LD_RUNPATH_SEARCH_PATHS = (
					"$(inherited)",
					"@executable_path/Frameworks",
				);
				MARKETING_VERSION = 1.0;
				PRODUCT_BUNDLE_IDENTIFIER = com.iago.RickAndMortyWanted;
				PRODUCT_NAME = "$(TARGET_NAME)";
				SWIFT_EMIT_LOC_STRINGS = YES;
				SWIFT_VERSION = 5.0;
				TARGETED_DEVICE_FAMILY = "1,2";
			};
			name = Release;
		};
		177659122A4A14B00072C367 /* Debug */ = {
			isa = XCBuildConfiguration;
			buildSettings = {
				ALWAYS_EMBED_SWIFT_STANDARD_LIBRARIES = YES;
				BUNDLE_LOADER = "$(TEST_HOST)";
				CODE_SIGN_STYLE = Automatic;
				CURRENT_PROJECT_VERSION = 1;
				GENERATE_INFOPLIST_FILE = YES;
				IPHONEOS_DEPLOYMENT_TARGET = 16.2;
				MARKETING_VERSION = 1.0;
				PRODUCT_BUNDLE_IDENTIFIER = com.iago.RickAndMortyWantedTests;
				PRODUCT_NAME = "$(TARGET_NAME)";
				SWIFT_EMIT_LOC_STRINGS = NO;
				SWIFT_VERSION = 5.0;
				TARGETED_DEVICE_FAMILY = "1,2";
				TEST_HOST = "$(BUILT_PRODUCTS_DIR)/RickAndMortyWanted.app/$(BUNDLE_EXECUTABLE_FOLDER_PATH)/RickAndMortyWanted";
			};
			name = Debug;
		};
		177659132A4A14B00072C367 /* Release */ = {
			isa = XCBuildConfiguration;
			buildSettings = {
				ALWAYS_EMBED_SWIFT_STANDARD_LIBRARIES = YES;
				BUNDLE_LOADER = "$(TEST_HOST)";
				CODE_SIGN_STYLE = Automatic;
				CURRENT_PROJECT_VERSION = 1;
				GENERATE_INFOPLIST_FILE = YES;
				IPHONEOS_DEPLOYMENT_TARGET = 16.2;
				MARKETING_VERSION = 1.0;
				PRODUCT_BUNDLE_IDENTIFIER = com.iago.RickAndMortyWantedTests;
				PRODUCT_NAME = "$(TARGET_NAME)";
				SWIFT_EMIT_LOC_STRINGS = NO;
				SWIFT_VERSION = 5.0;
				TARGETED_DEVICE_FAMILY = "1,2";
				TEST_HOST = "$(BUILT_PRODUCTS_DIR)/RickAndMortyWanted.app/$(BUNDLE_EXECUTABLE_FOLDER_PATH)/RickAndMortyWanted";
			};
			name = Release;
		};
		177659152A4A14B00072C367 /* Debug */ = {
			isa = XCBuildConfiguration;
			buildSettings = {
				ALWAYS_EMBED_SWIFT_STANDARD_LIBRARIES = YES;
				CODE_SIGN_STYLE = Automatic;
				CURRENT_PROJECT_VERSION = 1;
				GENERATE_INFOPLIST_FILE = YES;
				MARKETING_VERSION = 1.0;
				PRODUCT_BUNDLE_IDENTIFIER = com.iago.RickAndMortyWantedUITests;
				PRODUCT_NAME = "$(TARGET_NAME)";
				SWIFT_EMIT_LOC_STRINGS = NO;
				SWIFT_VERSION = 5.0;
				TARGETED_DEVICE_FAMILY = "1,2";
				TEST_TARGET_NAME = RickAndMortyWanted;
			};
			name = Debug;
		};
		177659162A4A14B00072C367 /* Release */ = {
			isa = XCBuildConfiguration;
			buildSettings = {
				ALWAYS_EMBED_SWIFT_STANDARD_LIBRARIES = YES;
				CODE_SIGN_STYLE = Automatic;
				CURRENT_PROJECT_VERSION = 1;
				GENERATE_INFOPLIST_FILE = YES;
				MARKETING_VERSION = 1.0;
				PRODUCT_BUNDLE_IDENTIFIER = com.iago.RickAndMortyWantedUITests;
				PRODUCT_NAME = "$(TARGET_NAME)";
				SWIFT_EMIT_LOC_STRINGS = NO;
				SWIFT_VERSION = 5.0;
				TARGETED_DEVICE_FAMILY = "1,2";
				TEST_TARGET_NAME = RickAndMortyWanted;
			};
			name = Release;
		};
/* End XCBuildConfiguration section */

/* Begin XCConfigurationList section */
		177658E52A4A149E0072C367 /* Build configuration list for PBXProject "RickAndMortyWanted" */ = {
			isa = XCConfigurationList;
			buildConfigurations = (
				1776590C2A4A14B00072C367 /* Debug */,
				1776590D2A4A14B00072C367 /* Release */,
			);
			defaultConfigurationIsVisible = 0;
			defaultConfigurationName = Release;
		};
		1776590E2A4A14B00072C367 /* Build configuration list for PBXNativeTarget "RickAndMortyWanted" */ = {
			isa = XCConfigurationList;
			buildConfigurations = (
				1776590F2A4A14B00072C367 /* Debug */,
				177659102A4A14B00072C367 /* Release */,
			);
			defaultConfigurationIsVisible = 0;
			defaultConfigurationName = Release;
		};
		177659112A4A14B00072C367 /* Build configuration list for PBXNativeTarget "RickAndMortyWantedTests" */ = {
			isa = XCConfigurationList;
			buildConfigurations = (
				177659122A4A14B00072C367 /* Debug */,
				177659132A4A14B00072C367 /* Release */,
			);
			defaultConfigurationIsVisible = 0;
			defaultConfigurationName = Release;
		};
		177659142A4A14B00072C367 /* Build configuration list for PBXNativeTarget "RickAndMortyWantedUITests" */ = {
			isa = XCConfigurationList;
			buildConfigurations = (
				177659152A4A14B00072C367 /* Debug */,
				177659162A4A14B00072C367 /* Release */,
			);
			defaultConfigurationIsVisible = 0;
			defaultConfigurationName = Release;
		};
/* End XCConfigurationList section */
	};
	rootObject = 177658E22A4A149E0072C367 /* Project object */;
}
